Microsoft Visual Studio Solution File, Format Version 11.00
# Visual Studio 2008

Project("{C9C31E0D-EDF2-B52D-B2FF-6C222D1922A2}") = "The Final Project", "Assembly-CSharp.csproj", "{A5F307C7-999D-28EE-8570-6260FEB2A9AB}"
EndProject
Global
	GlobalSection(SolutionConfigurationPlatforms) = preSolution
		Debug|Any CPU = Debug|Any CPU
		Release|Any CPU = Release|Any CPU
	EndGlobalSection
	GlobalSection(ProjectConfigurationPlatforms) = postSolution
		{A5F307C7-999D-28EE-8570-6260FEB2A9AB}.Debug|Any CPU.ActiveCfg = Debug|Any CPU
		{A5F307C7-999D-28EE-8570-6260FEB2A9AB}.Debug|Any CPU.Build.0 = Debug|Any CPU
		{A5F307C7-999D-28EE-8570-6260FEB2A9AB}.Release|Any CPU.ActiveCfg = Release|Any CPU
		{A5F307C7-999D-28EE-8570-6260FEB2A9AB}.Release|Any CPU.Build.0 = Release|Any CPU
	EndGlobalSection
	GlobalSection(SolutionProperties) = preSolution
		HideSolutionNode = FALSE
	EndGlobalSection
	GlobalSection(MonoDevelopProperties) = preSolution
		StartupItem = Assembly-CSharp.csproj
	EndGlobalSection
EndGlobal
